
Microsoft Visual Studio Solution File, Format Version 12.00
# Visual Studio Version 16
VisualStudioVersion = 16.0.30114.105
MinimumVisualStudioVersion = 10.0.40219.1
Project("{FAE04EC0-301F-11D3-BF4B-00C04F79EFBC}") = "ClasseConta", "ClasseConta.csproj", "{56B2F989-0F4B-47CE-A0E9-9C1F566590C7}"
EndProject
Project("{FAE04EC0-301F-11D3-BF4B-00C04F79EFBC}") = "ClasseContaTests", "..\POO_ADS_NTests\ClasseContaTests.csproj", "{23F6364C-905D-410F-AB58-4AD6A7ED00C0}"
EndProject
Project("{FAE04EC0-301F-11D3-BF4B-00C04F79EFBC}") = "ClasseFuncionario", "..\ClasseFuncionario\ClasseFuncionario.csproj", "{656A4FF3-3B15-4132-83CA-23AFDB76F873}"
EndProject
Project("{FAE04EC0-301F-11D3-BF4B-00C04F79EFBC}") = "ClasseFuncionarioTests", "..\ClasseFuncionarioTests\ClasseFuncionarioTests.csproj", "{CCF9B555-8266-4FE3-87D3-F3C12290F645}"
EndProject
Project("{FAE04EC0-301F-11D3-BF4B-00C04F79EFBC}") = "ClasseProduto", "..\ClasseProduto\ClasseProduto.csproj", "{D54796D8-5BAF-4CEA-A446-3493DA85F494}"
EndProject
Project("{FAE04EC0-301F-11D3-BF4B-00C04F79EFBC}") = "ClasseProdutoTests", "..\ClasseProdutoTests\ClasseProdutoTests.csproj", "{FE298712-C99B-4D49-9C53-C739D41A6D15}"
EndProject
Project("{FAE04EC0-301F-11D3-BF4B-00C04F79EFBC}") = "ArrayConta", "..\ArrayConta\ArrayConta.csproj", "{E90B34E0-6971-426F-A5C1-616588052363}"
EndProject
Project("{FAE04EC0-301F-11D3-BF4B-00C04F79EFBC}") = "ArrayContaTests", "..\ArrayContaTests\ArrayContaTests.csproj", "{5788224C-6D09-4F1C-BD08-EBED697A0BAE}"
EndProject
Project("{FAE04EC0-301F-11D3-BF4B-00C04F79EFBC}") = "EncapsulamentoFuncionario", "..\EncapsulamentoFuncionario\EncapsulamentoFuncionario.csproj", "{A6F06F5D-E857-41DE-A246-48028BC4A523}"
EndProject
Project("{FAE04EC0-301F-11D3-BF4B-00C04F79EFBC}") = "EncapsulamentoFuncionarioTests", "..\EncapsulamentoFuncionarioTests\EncapsulamentoFuncionarioTests.csproj", "{522BD177-319E-4E1D-948C-436A868C128F}"
EndProject
Project("{FAE04EC0-301F-11D3-BF4B-00C04F79EFBC}") = "EncapsulamentoConta", "..\EncapsulamentoConta\EncapsulamentoConta.csproj", "{507FB42E-BF53-4112-AB76-7506D75C8B75}"
EndProject
Project("{FAE04EC0-301F-11D3-BF4B-00C04F79EFBC}") = "EncapsulamentoProduto", "..\EncapsulamentoProduto\EncapsulamentoProduto.csproj", "{B7820054-0959-4188-A83D-3A3C25A1A171}"
EndProject
Global
	GlobalSection(SolutionConfigurationPlatforms) = preSolution
		Debug|Any CPU = Debug|Any CPU
		Release|Any CPU = Release|Any CPU
	EndGlobalSection
	GlobalSection(ProjectConfigurationPlatforms) = postSolution
		{56B2F989-0F4B-47CE-A0E9-9C1F566590C7}.Debug|Any CPU.ActiveCfg = Debug|Any CPU
		{56B2F989-0F4B-47CE-A0E9-9C1F566590C7}.Debug|Any CPU.Build.0 = Debug|Any CPU
		{56B2F989-0F4B-47CE-A0E9-9C1F566590C7}.Release|Any CPU.ActiveCfg = Release|Any CPU
		{56B2F989-0F4B-47CE-A0E9-9C1F566590C7}.Release|Any CPU.Build.0 = Release|Any CPU
		{23F6364C-905D-410F-AB58-4AD6A7ED00C0}.Debug|Any CPU.ActiveCfg = Debug|Any CPU
		{23F6364C-905D-410F-AB58-4AD6A7ED00C0}.Debug|Any CPU.Build.0 = Debug|Any CPU
		{23F6364C-905D-410F-AB58-4AD6A7ED00C0}.Release|Any CPU.ActiveCfg = Release|Any CPU
		{23F6364C-905D-410F-AB58-4AD6A7ED00C0}.Release|Any CPU.Build.0 = Release|Any CPU
		{656A4FF3-3B15-4132-83CA-23AFDB76F873}.Debug|Any CPU.ActiveCfg = Debug|Any CPU
		{656A4FF3-3B15-4132-83CA-23AFDB76F873}.Debug|Any CPU.Build.0 = Debug|Any CPU
		{656A4FF3-3B15-4132-83CA-23AFDB76F873}.Release|Any CPU.ActiveCfg = Release|Any CPU
		{656A4FF3-3B15-4132-83CA-23AFDB76F873}.Release|Any CPU.Build.0 = Release|Any CPU
		{CCF9B555-8266-4FE3-87D3-F3C12290F645}.Debug|Any CPU.ActiveCfg = Debug|Any CPU
		{CCF9B555-8266-4FE3-87D3-F3C12290F645}.Debug|Any CPU.Build.0 = Debug|Any CPU
		{CCF9B555-8266-4FE3-87D3-F3C12290F645}.Release|Any CPU.ActiveCfg = Release|Any CPU
		{CCF9B555-8266-4FE3-87D3-F3C12290F645}.Release|Any CPU.Build.0 = Release|Any CPU
		{D54796D8-5BAF-4CEA-A446-3493DA85F494}.Debug|Any CPU.ActiveCfg = Debug|Any CPU
		{D54796D8-5BAF-4CEA-A446-3493DA85F494}.Debug|Any CPU.Build.0 = Debug|Any CPU
		{D54796D8-5BAF-4CEA-A446-3493DA85F494}.Release|Any CPU.ActiveCfg = Release|Any CPU
		{D54796D8-5BAF-4CEA-A446-3493DA85F494}.Release|Any CPU.Build.0 = Release|Any CPU
		{FE298712-C99B-4D49-9C53-C739D41A6D15}.Debug|Any CPU.ActiveCfg = Debug|Any CPU
		{FE298712-C99B-4D49-9C53-C739D41A6D15}.Debug|Any CPU.Build.0 = Debug|Any CPU
		{FE298712-C99B-4D49-9C53-C739D41A6D15}.Release|Any CPU.ActiveCfg = Release|Any CPU
		{FE298712-C99B-4D49-9C53-C739D41A6D15}.Release|Any CPU.Build.0 = Release|Any CPU
		{E90B34E0-6971-426F-A5C1-616588052363}.Debug|Any CPU.ActiveCfg = Debug|Any CPU
		{E90B34E0-6971-426F-A5C1-616588052363}.Debug|Any CPU.Build.0 = Debug|Any CPU
		{E90B34E0-6971-426F-A5C1-616588052363}.Release|Any CPU.ActiveCfg = Release|Any CPU
		{E90B34E0-6971-426F-A5C1-616588052363}.Release|Any CPU.Build.0 = Release|Any CPU
		{5788224C-6D09-4F1C-BD08-EBED697A0BAE}.Debug|Any CPU.ActiveCfg = Debug|Any CPU
		{5788224C-6D09-4F1C-BD08-EBED697A0BAE}.Debug|Any CPU.Build.0 = Debug|Any CPU
		{5788224C-6D09-4F1C-BD08-EBED697A0BAE}.Release|Any CPU.ActiveCfg = Release|Any CPU
		{5788224C-6D09-4F1C-BD08-EBED697A0BAE}.Release|Any CPU.Build.0 = Release|Any CPU
		{A6F06F5D-E857-41DE-A246-48028BC4A523}.Debug|Any CPU.ActiveCfg = Debug|Any CPU
		{A6F06F5D-E857-41DE-A246-48028BC4A523}.Debug|Any CPU.Build.0 = Debug|Any CPU
		{A6F06F5D-E857-41DE-A246-48028BC4A523}.Release|Any CPU.ActiveCfg = Release|Any CPU
		{A6F06F5D-E857-41DE-A246-48028BC4A523}.Release|Any CPU.Build.0 = Release|Any CPU
		{522BD177-319E-4E1D-948C-436A868C128F}.Debug|Any CPU.ActiveCfg = Debug|Any CPU
		{522BD177-319E-4E1D-948C-436A868C128F}.Debug|Any CPU.Build.0 = Debug|Any CPU
		{522BD177-319E-4E1D-948C-436A868C128F}.Release|Any CPU.ActiveCfg = Release|Any CPU
		{522BD177-319E-4E1D-948C-436A868C128F}.Release|Any CPU.Build.0 = Release|Any CPU
		{507FB42E-BF53-4112-AB76-7506D75C8B75}.Debug|Any CPU.ActiveCfg = Debug|Any CPU
		{507FB42E-BF53-4112-AB76-7506D75C8B75}.Debug|Any CPU.Build.0 = Debug|Any CPU
		{507FB42E-BF53-4112-AB76-7506D75C8B75}.Release|Any CPU.ActiveCfg = Release|Any CPU
		{507FB42E-BF53-4112-AB76-7506D75C8B75}.Release|Any CPU.Build.0 = Release|Any CPU
		{B7820054-0959-4188-A83D-3A3C25A1A171}.Debug|Any CPU.ActiveCfg = Debug|Any CPU
		{B7820054-0959-4188-A83D-3A3C25A1A171}.Debug|Any CPU.Build.0 = Debug|Any CPU
		{B7820054-0959-4188-A83D-3A3C25A1A171}.Release|Any CPU.ActiveCfg = Release|Any CPU
		{B7820054-0959-4188-A83D-3A3C25A1A171}.Release|Any CPU.Build.0 = Release|Any CPU
	EndGlobalSection
	GlobalSection(SolutionProperties) = preSolution
		HideSolutionNode = FALSE
	EndGlobalSection
	GlobalSection(ExtensibilityGlobals) = postSolution
		SolutionGuid = {73E8C4E9-8238-4A96-993A-D142E3073B7F}
	EndGlobalSection
EndGlobal
